
Microsoft Visual Studio Solution File, Format Version 12.00
# Visual Studio Version 17
VisualStudioVersion = 17.5.002.0
MinimumVisualStudioVersion = 10.0.40219.1
Project("{9A19103F-16F7-4668-BE54-9A1E7A4F7556}") = "Producer", "Producer\Producer.csproj", "{420BF3D9-A41F-4812-84A7-020F39890FC2}"
EndProject
Project("{FAE04EC0-301F-11D3-BF4B-00C04F79EFBC}") = "Consumer", "Consumer\Consumer.csproj", "{5B9BD4B9-CA87-44E2-8941-47A34ADCD7F4}"
EndProject
Project("{FAE04EC0-301F-11D3-BF4B-00C04F79EFBC}") = "Consumer2", "Consumer2\Consumer2.csproj", "{EFB6DECA-9B94-4BC0-8520-FD714F6A8503}"
EndProject
Project("{2150E333-8FDC-42A3-9474-1A3956D46DE8}") = "Solution Items", "Solution Items", "{A515B188-F44D-4FB6-B3F0-4D0C15B785E7}"
	ProjectSection(SolutionItems) = preProject
		instructions.txt = instructions.txt
	EndProjectSection
EndProject
Global
	GlobalSection(SolutionConfigurationPlatforms) = preSolution
		Debug|Any CPU = Debug|Any CPU
		Release|Any CPU = Release|Any CPU
	EndGlobalSection
	GlobalSection(ProjectConfigurationPlatforms) = postSolution
		{420BF3D9-A41F-4812-84A7-020F39890FC2}.Debug|Any CPU.ActiveCfg = Debug|Any CPU
		{420BF3D9-A41F-4812-84A7-020F39890FC2}.Debug|Any CPU.Build.0 = Debug|Any CPU
		{420BF3D9-A41F-4812-84A7-020F39890FC2}.Release|Any CPU.ActiveCfg = Release|Any CPU
		{420BF3D9-A41F-4812-84A7-020F39890FC2}.Release|Any CPU.Build.0 = Release|Any CPU
		{5B9BD4B9-CA87-44E2-8941-47A34ADCD7F4}.Debug|Any CPU.ActiveCfg = Debug|Any CPU
		{5B9BD4B9-CA87-44E2-8941-47A34ADCD7F4}.Debug|Any CPU.Build.0 = Debug|Any CPU
		{5B9BD4B9-CA87-44E2-8941-47A34ADCD7F4}.Release|Any CPU.ActiveCfg = Release|Any CPU
		{5B9BD4B9-CA87-44E2-8941-47A34ADCD7F4}.Release|Any CPU.Build.0 = Release|Any CPU
		{EFB6DECA-9B94-4BC0-8520-FD714F6A8503}.Debug|Any CPU.ActiveCfg = Debug|Any CPU
		{EFB6DECA-9B94-4BC0-8520-FD714F6A8503}.Debug|Any CPU.Build.0 = Debug|Any CPU
		{EFB6DECA-9B94-4BC0-8520-FD714F6A8503}.Release|Any CPU.ActiveCfg = Release|Any CPU
		{EFB6DECA-9B94-4BC0-8520-FD714F6A8503}.Release|Any CPU.Build.0 = Release|Any CPU
	EndGlobalSection
	GlobalSection(SolutionProperties) = preSolution
		HideSolutionNode = FALSE
	EndGlobalSection
	GlobalSection(ExtensibilityGlobals) = postSolution
		SolutionGuid = {F2C8D4A0-0B68-4636-82CE-BD5406D944E3}
	EndGlobalSection
EndGlobal
